github.com/gordonklaus/portaudio v0.0.0-20260203164431-765aa7dfa631 h1:8TBHztmhDfAAg34yddptshinXBtDQwgKGlMfdtSFETw=
github.com/gordonklaus/portaudio v0.0.0-20260203164431-765aa7dfa631/go.mod h1:esZFQEUwqC+l76f2R8bIWSwXMaPbp79PppwZ1eJhFco=
github.com/kazzmir/opus-go v1.3.0 h1:8JbU37tY1EqOE/b+orjgfwua0RW4TLZq+FhU0Nj5NsM=
github.com/kazzmir/opus-go v1.3.0/go.mod h1:oKDlLYxYVpknE4zKDmJyiLPB9RyhKw0n/l7EoPr6000=
github.com/yalue/onnxruntime_go v1.24.0 h1:IdgJLxxyotlsUTmL1UnHZgBzXJGgY51LZ4vQ5rZeOXU=
github.com/yalue/onnxruntime_go v1.24.0/go.mod h1:b4X26A8pekNb1ACJ58wAXgNKeUCGEAQ9dmACut9Sm/4=
